// !$*UTF8*$!
{
	archiveVersion = 1;
	classes = {
	};
	objectVersion = 56;
	objects = {

/* Begin PBXBuildFile section */
		649108AA2950C3BA001A9188 /* AppDelegate.swift in Sources */ = {isa = PBXBuildFile; fileRef = 649108A92950C3BA001A9188 /* AppDelegate.swift */; };
		649108AC2950C3BA001A9188 /* SceneDelegate.swift in Sources */ = {isa = PBXBuildFile; fileRef = 649108AB2950C3BA001A9188 /* SceneDelegate.swift */; };
		649108AE2950C3BA001A9188 /* MainVC.swift in Sources */ = {isa = PBXBuildFile; fileRef = 649108AD2950C3BA001A9188 /* MainVC.swift */; };
		649108B12950C3BA001A9188 /* Main.storyboard in Resources */ = {isa = PBXBuildFile; fileRef = 649108AF2950C3BA001A9188 /* Main.storyboard */; };
		649108B32950C3BB001A9188 /* Assets.xcassets in Resources */ = {isa = PBXBuildFile; fileRef = 649108B22950C3BB001A9188 /* Assets.xcassets */; };
		649108B62950C3BB001A9188 /* LaunchScreen.storyboard in Resources */ = {isa = PBXBuildFile; fileRef = 649108B42950C3BB001A9188 /* LaunchScreen.storyboard */; };
		649108C02950C765001A9188 /* CustomTextField.swift in Sources */ = {isa = PBXBuildFile; fileRef = 649108BF2950C765001A9188 /* CustomTextField.swift */; };
/* End PBXBuildFile section */

/* Begin PBXFileReference section */
		649108A62950C3BA001A9188 /* My silly app (Str. reverse).app */ = {isa = PBXFileReference; explicitFileType = wrapper.application; includeInIndex = 0; path = "My silly app (Str. reverse).app"; sourceTree = BUILT_PRODUCTS_DIR; };
		649108A92950C3BA001A9188 /* AppDelegate.swift */ = {isa = PBXFileReference; lastKnownFileType = sourcecode.swift; path = AppDelegate.swift; sourceTree = "<group>"; };
		649108AB2950C3BA001A9188 /* SceneDelegate.swift */ = {isa = PBXFileReference; lastKnownFileType = sourcecode.swift; path = SceneDelegate.swift; sourceTree = "<group>"; };
		649108AD2950C3BA001A9188 /* MainVC.swift */ = {isa = PBXFileReference; lastKnownFileType = sourcecode.swift; path = MainVC.swift; sourceTree = "<group>"; };
		649108B02950C3BA001A9188 /* Base */ = {isa = PBXFileReference; lastKnownFileType = file.storyboard; name = Base; path = Base.lproj/Main.storyboard; sourceTree = "<group>"; };
		649108B22950C3BB001A9188 /* Assets.xcassets */ = {isa = PBXFileReference; lastKnownFileType = folder.assetcatalog; path = Assets.xcassets; sourceTree = "<group>"; };
		649108B52950C3BB001A9188 /* Base */ = {isa = PBXFileReference; lastKnownFileType = file.storyboard; name = Base; path = Base.lproj/LaunchScreen.storyboard; sourceTree = "<group>"; };
		649108B72950C3BB001A9188 /* Info.plist */ = {isa = PBXFileReference; lastKnownFileType = text.plist.xml; path = Info.plist; sourceTree = "<group>"; };
		649108BF2950C765001A9188 /* CustomTextField.swift */ = {isa = PBXFileReference; lastKnownFileType = sourcecode.swift; path = CustomTextField.swift; sourceTree = "<group>"; };
/* End PBXFileReference section */

/* Begin PBXFrameworksBuildPhase section */
		649108A32950C3BA001A9188 /* Frameworks */ = {
			isa = PBXFrameworksBuildPhase;
			buildActionMask = 2147483647;
			files = (
			);
			runOnlyForDeploymentPostprocessing = 0;
		};
/* End PBXFrameworksBuildPhase section */

/* Begin PBXGroup section */
		6491089D2950C3BA001A9188 = {
			isa = PBXGroup;
			children = (
				649108A82950C3BA001A9188 /* My silly app (Str. reverse) */,
				649108A72950C3BA001A9188 /* Products */,
			);
			sourceTree = "<group>";
		};
		649108A72950C3BA001A9188 /* Products */ = {
			isa = PBXGroup;
			children = (
				649108A62950C3BA001A9188 /* My silly app (Str. reverse).app */,
			);
			name = Products;
			sourceTree = "<group>";
		};
		649108A82950C3BA001A9188 /* My silly app (Str. reverse) */ = {
			isa = PBXGroup;
			children = (
				649108BD2950C6EB001A9188 /* Viev */,
				649108BE2950C6FA001A9188 /* Controller */,
				649108A92950C3BA001A9188 /* AppDelegate.swift */,
				649108AB2950C3BA001A9188 /* SceneDelegate.swift */,
				649108AF2950C3BA001A9188 /* Main.storyboard */,
				649108B22950C3BB001A9188 /* Assets.xcassets */,
				649108B42950C3BB001A9188 /* LaunchScreen.storyboard */,
				649108B72950C3BB001A9188 /* Info.plist */,
			);
			path = "My silly app (Str. reverse)";
			sourceTree = "<group>";
		};
		649108BD2950C6EB001A9188 /* Viev */ = {
			isa = PBXGroup;
			children = (
				649108BF2950C765001A9188 /* CustomTextField.swift */,
			);
			path = Viev;
			sourceTree = "<group>";
		};
		649108BE2950C6FA001A9188 /* Controller */ = {
			isa = PBXGroup;
			children = (
				649108AD2950C3BA001A9188 /* MainVC.swift */,
			);
			path = Controller;
			sourceTree = "<group>";
		};
/* End PBXGroup section */

/* Begin PBXNativeTarget section */
		649108A52950C3BA001A9188 /* My silly app (Str. reverse) */ = {
			isa = PBXNativeTarget;
			buildConfigurationList = 649108BA2950C3BB001A9188 /* Build configuration list for PBXNativeTarget "My silly app (Str. reverse)" */;
			buildPhases = (
				649108A22950C3BA001A9188 /* Sources */,
				649108A32950C3BA001A9188 /* Frameworks */,
				649108A42950C3BA001A9188 /* Resources */,
			);
			buildRules = (
			);
			dependencies = (
			);
			name = "My silly app (Str. reverse)";
			productName = "My silly app (Str. reverse)";
			productReference = 649108A62950C3BA001A9188 /* My silly app (Str. reverse).app */;
			productType = "com.apple.product-type.application";
		};
/* End PBXNativeTarget section */

/* Begin PBXProject section */
		6491089E2950C3BA001A9188 /* Project object */ = {
			isa = PBXProject;
			attributes = {
				BuildIndependentTargetsInParallel = 1;
				LastSwiftUpdateCheck = 1420;
				LastUpgradeCheck = 1420;
				TargetAttributes = {
					649108A52950C3BA001A9188 = {
						CreatedOnToolsVersion = 14.2;
					};
				};
			};
			buildConfigurationList = 649108A12950C3BA001A9188 /* Build configuration list for PBXProject "My silly app (Str. reverse)" */;
			compatibilityVersion = "Xcode 14.0";
			developmentRegion = en;
			hasScannedForEncodings = 0;
			knownRegions = (
				en,
				Base,
			);
			mainGroup = 6491089D2950C3BA001A9188;
			productRefGroup = 649108A72950C3BA001A9188 /* Products */;
			projectDirPath = "";
			projectRoot = "";
			targets = (
				649108A52950C3BA001A9188 /* My silly app (Str. reverse) */,
			);
		};
/* End PBXProject section */

/* Begin PBXResourcesBuildPhase section */
		649108A42950C3BA001A9188 /* Resources */ = {
			isa = PBXResourcesBuildPhase;
			buildActionMask = 2147483647;
			files = (
				649108B62950C3BB001A9188 /* LaunchScreen.storyboard in Resources */,
				649108B32950C3BB001A9188 /* Assets.xcassets in Resources */,
				649108B12950C3BA001A9188 /* Main.storyboard in Resources */,
			);
			runOnlyForDeploymentPostprocessing = 0;
		};
/* End PBXResourcesBuildPhase section */

/* Begin PBXSourcesBuildPhase section */
		649108A22950C3BA001A9188 /* Sources */ = {
			isa = PBXSourcesBuildPhase;
			buildActionMask = 2147483647;
			files = (
				649108C02950C765001A9188 /* CustomTextField.swift in Sources */,
				649108AE2950C3BA001A9188 /* MainVC.swift in Sources */,
				649108AA2950C3BA001A9188 /* AppDelegate.swift in Sources */,
				649108AC2950C3BA001A9188 /* SceneDelegate.swift in Sources */,
			);
			runOnlyForDeploymentPostprocessing = 0;
		};
/* End PBXSourcesBuildPhase section */

/* Begin PBXVariantGroup section */
		649108AF2950C3BA001A9188 /* Main.storyboard */ = {
			isa = PBXVariantGroup;
			children = (
				649108B02950C3BA001A9188 /* Base */,
			);
			name = Main.storyboard;
			sourceTree = "<group>";
		};
		649108B42950C3BB001A9188 /* LaunchScreen.storyboard */ = {
			isa = PBXVariantGroup;
			children = (
				649108B52950C3BB001A9188 /* Base */,
			);
			name = LaunchScreen.storyboard;
			sourceTree = "<group>";
		};
/* End PBXVariantGroup section */

/* Begin XCBuildConfiguration section */
		649108B82950C3BB001A9188 /* Debug */ = {
			isa = XCBuildConfiguration;
			buildSettings = {
				ALWAYS_SEARCH_USER_PATHS = NO;
				CLANG_ANALYZER_NONNULL = YES;
				CLANG_ANALYZER_NUMBER_OBJECT_CONVERSION = YES_AGGRESSIVE;
				CLANG_CXX_LANGUAGE_STANDARD = "gnu++20";
				CLANG_ENABLE_MODULES = YES;
				CLANG_ENABLE_OBJC_ARC = YES;
				CLANG_ENABLE_OBJC_WEAK = YES;
				CLANG_WARN_BLOCK_CAPTURE_AUTORELEASING = YES;
				CLANG_WARN_BOOL_CONVERSION = YES;
				CLANG_WARN_COMMA = YES;
				CLANG_WARN_CONSTANT_CONVERSION = YES;
				CLANG_WARN_DEPRECATED_OBJC_IMPLEMENTATIONS = YES;
				CLANG_WARN_DIRECT_OBJC_ISA_USAGE = YES_ERROR;
				CLANG_WARN_DOCUMENTATION_COMMENTS = YES;
				CLANG_WARN_EMPTY_BODY = YES;
				CLANG_WARN_ENUM_CONVERSION = YES;
				CLANG_WARN_INFINITE_RECURSION = YES;
				CLANG_WARN_INT_CONVERSION = YES;
				CLANG_WARN_NON_LITERAL_NULL_CONVERSION = YES;
				CLANG_WARN_OBJC_IMPLICIT_RETAIN_SELF = YES;
				CLANG_WARN_OBJC_LITERAL_CONVERSION = YES;
				CLANG_WARN_OBJC_ROOT_CLASS = YES_ERROR;
				CLANG_WARN_QUOTED_INCLUDE_IN_FRAMEWORK_HEADER = YES;
				CLANG_WARN_RANGE_LOOP_ANALYSIS = YES;
				CLANG_WARN_STRICT_PROTOTYPES = YES;
				CLANG_WARN_SUSPICIOUS_MOVE = YES;
				CLANG_WARN_UNGUARDED_AVAILABILITY = YES_AGGRESSIVE;
				CLANG_WARN_UNREACHABLE_CODE = YES;
				CLANG_WARN__DUPLICATE_METHOD_MATCH = YES;
				COPY_PHASE_STRIP = NO;
				DEBUG_INFORMATION_FORMAT = dwarf;
				ENABLE_STRICT_OBJC_MSGSEND = YES;
				ENABLE_TESTABILITY = YES;
				GCC_C_LANGUAGE_STANDARD = gnu11;
				GCC_DYNAMIC_NO_PIC = NO;
				GCC_NO_COMMON_BLOCKS = YES;
				GCC_OPTIMIZATION_LEVEL = 0;
				GCC_PREPROCESSOR_DEFINITIONS = (
					"DEBUG=1",
					"$(inherited)",
				);
				GCC_WARN_64_TO_32_BIT_CONVERSION = YES;
				GCC_WARN_ABOUT_RETURN_TYPE = YES_ERROR;
				GCC_WARN_UNDECLARED_SELECTOR = YES;
				GCC_WARN_UNINITIALIZED_AUTOS = YES_AGGRESSIVE;
				GCC_WARN_UNUSED_FUNCTION = YES;
				GCC_WARN_UNUSED_VARIABLE = YES;
				IPHONEOS_DEPLOYMENT_TARGET = 16.2;
				MTL_ENABLE_DEBUG_INFO = INCLUDE_SOURCE;
				MTL_FAST_MATH = YES;
				ONLY_ACTIVE_ARCH = YES;
				SDKROOT = iphoneos;
				SWIFT_ACTIVE_COMPILATION_CONDITIONS = DEBUG;
				SWIFT_OPTIMIZATION_LEVEL = "-Onone";
			};
			name = Debug;
		};
		649108B92950C3BB001A9188 /* Release */ = {
			isa = XCBuildConfiguration;
			buildSettings = {
				ALWAYS_SEARCH_USER_PATHS = NO;
				CLANG_ANALYZER_NONNULL = YES;
				CLANG_ANALYZER_NUMBER_OBJECT_CONVERSION = YES_AGGRESSIVE;
				CLANG_CXX_LANGUAGE_STANDARD = "gnu++20";
				CLANG_ENABLE_MODULES = YES;
				CLANG_ENABLE_OBJC_ARC = YES;
				CLANG_ENABLE_OBJC_WEAK = YES;
				CLANG_WARN_BLOCK_CAPTURE_AUTORELEASING = YES;
				CLANG_WARN_BOOL_CONVERSION = YES;
				CLANG_WARN_COMMA = YES;
				CLANG_WARN_CONSTANT_CONVERSION = YES;
				CLANG_WARN_DEPRECATED_OBJC_IMPLEMENTATIONS = YES;
				CLANG_WARN_DIRECT_OBJC_ISA_USAGE = YES_ERROR;
				CLANG_WARN_DOCUMENTATION_COMMENTS = YES;
				CLANG_WARN_EMPTY_BODY = YES;
				CLANG_WARN_ENUM_CONVERSION = YES;
				CLANG_WARN_INFINITE_RECURSION = YES;
				CLANG_WARN_INT_CONVERSION = YES;
				CLANG_WARN_NON_LITERAL_NULL_CONVERSION = YES;
				CLANG_WARN_OBJC_IMPLICIT_RETAIN_SELF = YES;
				CLANG_WARN_OBJC_LITERAL_CONVERSION = YES;
				CLANG_WARN_OBJC_ROOT_CLASS = YES_ERROR;
				CLANG_WARN_QUOTED_INCLUDE_IN_FRAMEWORK_HEADER = YES;
				CLANG_WARN_RANGE_LOOP_ANALYSIS = YES;
				CLANG_WARN_STRICT_PROTOTYPES = YES;
				CLANG_WARN_SUSPICIOUS_MOVE = YES;
				CLANG_WARN_UNGUARDED_AVAILABILITY = YES_AGGRESSIVE;
				CLANG_WARN_UNREACHABLE_CODE = YES;
				CLANG_WARN__DUPLICATE_METHOD_MATCH = YES;
				COPY_PHASE_STRIP = NO;
				DEBUG_INFORMATION_FORMAT = "dwarf-with-dsym";
				ENABLE_NS_ASSERTIONS = NO;
				ENABLE_STRICT_OBJC_MSGSEND = YES;
				GCC_C_LANGUAGE_STANDARD = gnu11;
				GCC_NO_COMMON_BLOCKS = YES;
				GCC_WARN_64_TO_32_BIT_CONVERSION = YES;
				GCC_WARN_ABOUT_RETURN_TYPE = YES_ERROR;
				GCC_WARN_UNDECLARED_SELECTOR = YES;
				GCC_WARN_UNINITIALIZED_AUTOS = YES_AGGRESSIVE;
				GCC_WARN_UNUSED_FUNCTION = YES;
				GCC_WARN_UNUSED_VARIABLE = YES;
				IPHONEOS_DEPLOYMENT_TARGET = 16.2;
				MTL_ENABLE_DEBUG_INFO = NO;
				MTL_FAST_MATH = YES;
				SDKROOT = iphoneos;
				SWIFT_COMPILATION_MODE = wholemodule;
				SWIFT_OPTIMIZATION_LEVEL = "-O";
				VALIDATE_PRODUCT = YES;
			};
			name = Release;
		};
		649108BB2950C3BB001A9188 /* Debug */ = {
			isa = XCBuildConfiguration;
			buildSettings = {
				ASSETCATALOG_COMPILER_APPICON_NAME = AppIcon;
				ASSETCATALOG_COMPILER_GLOBAL_ACCENT_COLOR_NAME = AccentColor;
				CODE_SIGN_STYLE = Automatic;
				CURRENT_PROJECT_VERSION = 666;
				DEVELOPMENT_TEAM = 4AVA4LXVKJ;
				GENERATE_INFOPLIST_FILE = YES;
				INFOPLIST_FILE = "My silly app (Str. reverse)/Info.plist";
				INFOPLIST_KEY_UIApplicationSupportsIndirectInputEvents = YES;
				INFOPLIST_KEY_UILaunchStoryboardName = LaunchScreen;
				INFOPLIST_KEY_UIMainStoryboardFile = Main;
				INFOPLIST_KEY_UISupportedInterfaceOrientations = UIInterfaceOrientationPortrait;
				IPHONEOS_DEPLOYMENT_TARGET = 13.0;
				LD_RUNPATH_SEARCH_PATHS = (
					"$(inherited)",
					"@executable_path/Frameworks",
				);
				MARKETING_VERSION = 666.666;
				PRODUCT_BUNDLE_IDENTIFIER = "com.OctazettE.My-silly-app--Str--reverse-";
				PRODUCT_NAME = "$(TARGET_NAME)";
				SWIFT_EMIT_LOC_STRINGS = YES;
				SWIFT_VERSION = 5.0;
				TARGETED_DEVICE_FAMILY = "1,2";
			};
			name = Debug;
		};
		649108BC2950C3BB001A9188 /* Release */ = {
			isa = XCBuildConfiguration;
			buildSettings = {
				ASSETCATALOG_COMPILER_APPICON_NAME = AppIcon;
				ASSETCATALOG_COMPILER_GLOBAL_ACCENT_COLOR_NAME = AccentColor;
				CODE_SIGN_STYLE = Automatic;
				CURRENT_PROJECT_VERSION = 666;
				DEVELOPMENT_TEAM = 4AVA4LXVKJ;
				GENERATE_INFOPLIST_FILE = YES;
				INFOPLIST_FILE = "My silly app (Str. reverse)/Info.plist";
				INFOPLIST_KEY_UIApplicationSupportsIndirectInputEvents = YES;
				INFOPLIST_KEY_UILaunchStoryboardName = LaunchScreen;
				INFOPLIST_KEY_UIMainStoryboardFile = Main;
				INFOPLIST_KEY_UISupportedInterfaceOrientations = UIInterfaceOrientationPortrait;
				IPHONEOS_DEPLOYMENT_TARGET = 13.0;
				LD_RUNPATH_SEARCH_PATHS = (
					"$(inherited)",
					"@executable_path/Frameworks",
				);
				MARKETING_VERSION = 666.666;
				PRODUCT_BUNDLE_IDENTIFIER = "com.OctazettE.My-silly-app--Str--reverse-";
				PRODUCT_NAME = "$(TARGET_NAME)";
				SWIFT_EMIT_LOC_STRINGS = YES;
				SWIFT_VERSION = 5.0;
				TARGETED_DEVICE_FAMILY = "1,2";
			};
			name = Release;
		};
/* End XCBuildConfiguration section */

/* Begin XCConfigurationList section */
		649108A12950C3BA001A9188 /* Build configuration list for PBXProject "My silly app (Str. reverse)" */ = {
			isa = XCConfigurationList;
			buildConfigurations = (
				649108B82950C3BB001A9188 /* Debug */,
				649108B92950C3BB001A9188 /* Release */,
			);
			defaultConfigurationIsVisible = 0;
			defaultConfigurationName = Release;
		};
		649108BA2950C3BB001A9188 /* Build configuration list for PBXNativeTarget "My silly app (Str. reverse)" */ = {
			isa = XCConfigurationList;
			buildConfigurations = (
				649108BB2950C3BB001A9188 /* Debug */,
				649108BC2950C3BB001A9188 /* Release */,
			);
			defaultConfigurationIsVisible = 0;
			defaultConfigurationName = Release;
		};
/* End XCConfigurationList section */
	};
	rootObject = 6491089E2950C3BA001A9188 /* Project object */;
}
